
Microsoft Visual Studio Solution File, Format Version 12.00
# Visual Studio Version 17
VisualStudioVersion = 17.9.34902.65
MinimumVisualStudioVersion = 10.0.40219.1
Project("{9A19103F-16F7-4668-BE54-9A1E7A4F7556}") = "CafeDuCoin", "CafeDuCoin.csproj", "{A8A25546-BCD8-46CC-85D3-E2EB5370E0EA}"
EndProject
Global
	GlobalSection(SolutionConfigurationPlatforms) = preSolution
		Debug|Any CPU = Debug|Any CPU
		Release|Any CPU = Release|Any CPU
	EndGlobalSection
	GlobalSection(ProjectConfigurationPlatforms) = postSolution
		{A8A25546-BCD8-46CC-85D3-E2EB5370E0EA}.Debug|Any CPU.ActiveCfg = Debug|Any CPU
		{A8A25546-BCD8-46CC-85D3-E2EB5370E0EA}.Debug|Any CPU.Build.0 = Debug|Any CPU
		{A8A25546-BCD8-46CC-85D3-E2EB5370E0EA}.Release|Any CPU.ActiveCfg = Release|Any CPU
		{A8A25546-BCD8-46CC-85D3-E2EB5370E0EA}.Release|Any CPU.Build.0 = Release|Any CPU
	EndGlobalSection
	GlobalSection(SolutionProperties) = preSolution
		HideSolutionNode = FALSE
	EndGlobalSection
	GlobalSection(ExtensibilityGlobals) = postSolution
		SolutionGuid = {E48C08EF-40B0-4C31-9AF9-76A9443FF053}
	EndGlobalSection
EndGlobal
